Microsoft Visual Studio Solution File, Format Version 12.00
# Visual Studio Version 17
VisualStudioVersion = 17.5.2.0
MinimumVisualStudioVersion = 10.0.40219.1
Project("{FAE04EC0-301F-11D3-BF4B-00C04F79EFBC}") = "gitnetcore", "gitnetcore.csproj", "{CF3FD3D3-A10D-9E28-ACBE-9C0F60B85E6D}"
EndProject
Global
	GlobalSection(SolutionConfigurationPlatforms) = preSolution
		Debug|Any CPU = Debug|Any CPU
		Release|Any CPU = Release|Any CPU
	EndGlobalSection
	GlobalSection(ProjectConfigurationPlatforms) = postSolution
		{CF3FD3D3-A10D-9E28-ACBE-9C0F60B85E6D}.Debug|Any CPU.ActiveCfg = Debug|Any CPU
		{CF3FD3D3-A10D-9E28-ACBE-9C0F60B85E6D}.Debug|Any CPU.Build.0 = Debug|Any CPU
		{CF3FD3D3-A10D-9E28-ACBE-9C0F60B85E6D}.Release|Any CPU.ActiveCfg = Release|Any CPU
		{CF3FD3D3-A10D-9E28-ACBE-9C0F60B85E6D}.Release|Any CPU.Build.0 = Release|Any CPU
	EndGlobalSection
	GlobalSection(SolutionProperties) = preSolution
		HideSolutionNode = FALSE
	EndGlobalSection
	GlobalSection(ExtensibilityGlobals) = postSolution
		SolutionGuid = {C4D92538-31DE-4161-9554-CE923D2BB653}
	EndGlobalSection
EndGlobal
